
Microsoft Visual Studio Solution File, Format Version 12.00
# Visual Studio Version 17
VisualStudioVersion = 17.13.35931.197 d17.13
MinimumVisualStudioVersion = 10.0.40219.1
Project("{FAE04EC0-301F-11D3-BF4B-00C04F79EFBC}") = "CompanyProject", "CompanyProject\CompanyProject.csproj", "{8D15FF31-D1B2-4C33-87E5-52ACBADD0201}"
EndProject
Project("{FAE04EC0-301F-11D3-BF4B-00C04F79EFBC}") = "Company.DAL", "Company.DAL\Company.DAL.csproj", "{F7D0120D-0B2D-44CE-AE86-2433AE292CC6}"
EndProject
Project("{FAE04EC0-301F-11D3-BF4B-00C04F79EFBC}") = "Company.Reposatory", "Company.Reposatory\Company.Reposatory.csproj", "{B7EC75AF-05EE-4FF4-A5E1-480058FF608F}"
EndProject
Global
	GlobalSection(SolutionConfigurationPlatforms) = preSolution
		Debug|Any CPU = Debug|Any CPU
		Release|Any CPU = Release|Any CPU
	EndGlobalSection
	GlobalSection(ProjectConfigurationPlatforms) = postSolution
		{8D15FF31-D1B2-4C33-87E5-52ACBADD0201}.Debug|Any CPU.ActiveCfg = Debug|Any CPU
		{8D15FF31-D1B2-4C33-87E5-52ACBADD0201}.Debug|Any CPU.Build.0 = Debug|Any CPU
		{8D15FF31-D1B2-4C33-87E5-52ACBADD0201}.Release|Any CPU.ActiveCfg = Release|Any CPU
		{8D15FF31-D1B2-4C33-87E5-52ACBADD0201}.Release|Any CPU.Build.0 = Release|Any CPU
		{F7D0120D-0B2D-44CE-AE86-2433AE292CC6}.Debug|Any CPU.ActiveCfg = Debug|Any CPU
		{F7D0120D-0B2D-44CE-AE86-2433AE292CC6}.Debug|Any CPU.Build.0 = Debug|Any CPU
		{F7D0120D-0B2D-44CE-AE86-2433AE292CC6}.Release|Any CPU.ActiveCfg = Release|Any CPU
		{F7D0120D-0B2D-44CE-AE86-2433AE292CC6}.Release|Any CPU.Build.0 = Release|Any CPU
		{B7EC75AF-05EE-4FF4-A5E1-480058FF608F}.Debug|Any CPU.ActiveCfg = Debug|Any CPU
		{B7EC75AF-05EE-4FF4-A5E1-480058FF608F}.Debug|Any CPU.Build.0 = Debug|Any CPU
		{B7EC75AF-05EE-4FF4-A5E1-480058FF608F}.Release|Any CPU.ActiveCfg = Release|Any CPU
		{B7EC75AF-05EE-4FF4-A5E1-480058FF608F}.Release|Any CPU.Build.0 = Release|Any CPU
	EndGlobalSection
	GlobalSection(SolutionProperties) = preSolution
		HideSolutionNode = FALSE
	EndGlobalSection
	GlobalSection(ExtensibilityGlobals) = postSolution
		SolutionGuid = {05E3B817-99E9-40AA-BF53-3C677D09ECA1}
	EndGlobalSection
EndGlobal
